# THIS IS AN AUTOGENERATED FILE. DO NOT EDIT THIS FILE DIRECTLY.
# yarn lockfile v1


"@types/node@^12.12.17":
  version "12.12.38"
  resolved "https://registry.yarnpkg.com/@types/node/-/node-12.12.38.tgz#58841a382f231ad005dbb935c36d44aa1118a26b"
  integrity sha512-75eLjX0pFuTcUXnnWmALMzzkYorjND0ezNEycaKesbUBg9eGZp4GHPuDmkRc4mQQvIpe29zrzATNRA6hkYqwmA==

as-bignum@^0.1.7:
  version "0.1.7"
  resolved "https://registry.yarnpkg.com/as-bignum/-/as-bignum-0.1.7.tgz#e580d25089d392fb67d321d44b8fed36b7c475dc"
  integrity sha512-HqCW9HSKTVLxAebu8ctg52o2+F/xN07GofXzjALlABYxayi241zxrKDU7Mmu/ArKQkAuftSaP+nx2HIzvaC3TA==

assemblyscript@^0.9.4:
  version "0.9.4"
  resolved "https://registry.yarnpkg.com/assemblyscript/-/assemblyscript-0.9.4.tgz#d535ad6e9299c9d3b9881ff08c3101298d53cb1a"
  integrity sha512-GabjIxYt5uI3nyZNYzw6VtHyZcjVtcw8tbtEbXGvbrp3+A5p3zQ2yrU03tSiRR+WTeGx2aS8c6T+y2gGfjyvqw==
  dependencies:
    binaryen "91.0.0-nightly.20200310"
    long "^4.0.0"

binaryen@91.0.0-nightly.20200310:
  version "91.0.0-nightly.20200310"
  resolved "https://registry.yarnpkg.com/binaryen/-/binaryen-91.0.0-nightly.20200310.tgz#f2c60020fef1fb5ac0e436b9a0e01b25c484c0b4"
  integrity sha512-MmDzq267aa61HdEQeYiz+7guJlsYk2/6NxWC8I4w1jijqDwoqyZZxi7UYnTH7QvfLrNdMjweEgfT7FHjkvkPmQ==

long@^4.0.0:
  version "4.0.0"
  resolved "https://registry.yarnpkg.com/long/-/long-4.0.0.tgz#9a7b71cfb7d361a194ea555241c92f7468d5bf28"
  integrity sha512-XsP+KhQif4bjX1kbuSiySJFNAehNxgLb6hPRGJ9QsUr8ajHkuXGdrHmFUTUUXhDwVX2R5bY4JNZEwbUiMhV+MA==

typescript@^3.2.2:
  version "3.8.3"
  resolved "https://registry.yarnpkg.com/typescript/-/typescript-3.8.3.tgz#409eb8544ea0335711205869ec458ab109ee1061"
  integrity sha512-MYlEfn5VrLNsgudQTVJeNaQFUAI7DkhnOjdpAp4T+ku1TfQClewlbSuTVHiA+8skNBgaf02TL/kLOvig4y3G8w==
