# THIS IS AN AUTOGENERATED FILE. DO NOT EDIT THIS FILE DIRECTLY.
# yarn lockfile v1


"@types/node@^10.17.2":
  version "10.17.5"
  resolved "https://registry.yarnpkg.com/@types/node/-/node-10.17.5.tgz#c1920150f7b90708a7d0f3add12a06bc9123c055"
  integrity sha512-RElZIr/7JreF1eY6oD5RF3kpmdcreuQPjg5ri4oQ5g9sq7YWU8HkfB3eH8GwAwxf5OaCh0VPi7r4N/yoTGelrA==

as-bignum@^0.1.5:
  version "0.1.5"
  resolved "https://registry.yarnpkg.com/as-bignum/-/as-bignum-0.1.5.tgz#e97a46a175644c277ecfe17d3850a63b6e55ac44"
  integrity sha512-lv0ZOxtBReuCq6wpXUtjm6Mrj7CQn+qdSgF/O7yh553aH4FRrRaUXp/ywfSNMoiPK7AJ47f9gcKs0Toi5H84iA==

assemblyscript@^0.9.2:
  version "0.9.2"
  resolved "https://registry.yarnpkg.com/assemblyscript/-/assemblyscript-0.9.2.tgz#dd254370b8436bd997d14bb7e867535180907995"
  integrity sha512-eqPbxS323ivXdUclGJjvihxEEMBaXcNYHLb17j3j3UaYvkqVPNSrNuJ/H1r7G/UwmQnFQ8NDrQ9BncOFCGmahg==
  dependencies:
    binaryen "90.0.0-nightly.20200214"
    long "^4.0.0"

binaryen@90.0.0-nightly.20200214:
  version "90.0.0-nightly.20200214"
  resolved "https://registry.yarnpkg.com/binaryen/-/binaryen-90.0.0-nightly.20200214.tgz#c2f46314dda59ef359c5fa24c0b6180b0ba2f00b"
  integrity sha512-ZHajaPd2aP6kDrM9q77afnA402Ufsuw9yLUxtAfgmIglP1JMB2XSRmaXc5pgCELaX53PWJIdcH07LL8uNfTBRw==

long@^4.0.0:
  version "4.0.0"
  resolved "https://registry.yarnpkg.com/long/-/long-4.0.0.tgz#9a7b71cfb7d361a194ea555241c92f7468d5bf28"
  integrity sha512-XsP+KhQif4bjX1kbuSiySJFNAehNxgLb6hPRGJ9QsUr8ajHkuXGdrHmFUTUUXhDwVX2R5bY4JNZEwbUiMhV+MA==

typescript@^3.2.2:
  version "3.7.2"
  resolved "https://registry.yarnpkg.com/typescript/-/typescript-3.7.2.tgz#27e489b95fa5909445e9fef5ee48d81697ad18fb"
  integrity sha512-ml7V7JfiN2Xwvcer+XAf2csGO1bPBdRbFCkYBczNZggrBZ9c7G3riSUeJmqEU5uOtXNPMhE3n+R4FA/3YOAWOQ==
