# THIS IS AN AUTOGENERATED FILE. DO NOT EDIT THIS FILE DIRECTLY.
# yarn lockfile v1


"@types/node@^10.17.2":
  version "10.17.26"
  resolved "https://registry.yarnpkg.com/@types/node/-/node-10.17.26.tgz#a8a119960bff16b823be4c617da028570779bcfd"
  integrity sha512-myMwkO2Cr82kirHY8uknNRHEVtn0wV3DTQfkrjx17jmkstDRZ24gNUdl8AHXVyVclTYI/bNjgTPTAWvWLqXqkw==

as-bignum@^0.2.2:
  version "0.2.2"
  resolved "https://registry.yarnpkg.com/as-bignum/-/as-bignum-0.2.2.tgz#8eccc70a5007175f4b8903160e1f7742158f579a"
  integrity sha512-Tc3pJLrXNiqgXOY/SNC3g2D7x7shOpK9g7Zc2R88NOHVUqugqHcXnR/KmWOUerh4hKIl6fHI65Mnf6EFHjQG6Q==

assemblyscript@0.12.3:
  version "0.12.3"
  resolved "https://registry.yarnpkg.com/assemblyscript/-/assemblyscript-0.12.3.tgz#f705dd0101ddeb40088d9ec3f9c2f20fe88d74eb"
  integrity sha512-cdIbbP1Xoduw5nt3C7o2jYTQCrcPAnqoASgBMmOOcf/UY4k+xYJbV5eHwMwVSKZXAI74PUSwfxYjLF7L7CWA9g==
  dependencies:
    binaryen "93.0.0-nightly.20200609"
    long "^4.0.0"

binaryen@93.0.0-nightly.20200609:
  version "93.0.0-nightly.20200609"
  resolved "https://registry.yarnpkg.com/binaryen/-/binaryen-93.0.0-nightly.20200609.tgz#e7c9211911c0cff94b8682e895e4de630f110cd5"
  integrity sha512-CIaeav05u+fWRN2h1ecwIoSaOF/Mk6U85M/G6eg1nOHAXYYmOuh9TztF9Fu8krRWnl98J3W+VfDClApMV5zCtw==

long@^4.0.0:
  version "4.0.0"
  resolved "https://registry.yarnpkg.com/long/-/long-4.0.0.tgz#9a7b71cfb7d361a194ea555241c92f7468d5bf28"
  integrity sha512-XsP+KhQif4bjX1kbuSiySJFNAehNxgLb6hPRGJ9QsUr8ajHkuXGdrHmFUTUUXhDwVX2R5bY4JNZEwbUiMhV+MA==

typescript@^3.2.2:
  version "3.9.5"
  resolved "https://registry.yarnpkg.com/typescript/-/typescript-3.9.5.tgz#586f0dba300cde8be52dd1ac4f7e1009c1b13f36"
  integrity sha512-hSAifV3k+i6lEoCJ2k6R2Z/rp/H3+8sdmcn5NrS3/3kE7+RyZXm9aqvxWqjEXHAd8b0pShatpcdMTvEdvAJltQ==
